PODS:
  - Capacitor (5.4.0):
    - CapacitorCordova
  - CapacitorApp (5.0.6):
    - Capacitor
  - CapacitorCordova (5.4.0)
  - CapacitorPreferences (5.0.6):
    - Capacitor
  - CapacitorSplashScreen (5.0.6):
    - Capacitor

DEPENDENCIES:
  - "Capacitor (from `../../../../node_modules/@capacitor/ios`)"
  - "CapacitorApp (from `../../../../node_modules/@capacitor/app`)"
  - "CapacitorCordova (from `../../../../node_modules/@capacitor/ios`)"
  - "CapacitorPreferences (from `../../../../node_modules/@capacitor/preferences`)"
  - "CapacitorSplashScreen (from `../../../../node_modules/@capacitor/splash-screen`)"

EXTERNAL SOURCES:
  Capacitor:
    :path: "../../../../node_modules/@capacitor/ios"
  CapacitorApp:
    :path: "../../../../node_modules/@capacitor/app"
  CapacitorCordova:
    :path: "../../../../node_modules/@capacitor/ios"
  CapacitorPreferences:
    :path: "../../../../node_modules/@capacitor/preferences"
  CapacitorSplashScreen:
    :path: "../../../../node_modules/@capacitor/splash-screen"

SPEC CHECKSUMS:
  Capacitor: a5cd803e02b471591c81165f400ace01f40b11d3
  CapacitorApp: 024e1b1bea5f883d79f6330d309bc441c88ad04a
  CapacitorCordova: 66ce22f9976de30fd816f746e9e92e07d6befafd
  CapacitorPreferences: f03954bcb0ff09c792909e46bff88e3183c16b10
  CapacitorSplashScreen: 5fa2ab5e46cf5cc530cf16a51c80c7a986579ccd

PODFILE CHECKSUM: 58bf0f04a49daf38d739a074ec80e5d1f262a3fd

COCOAPODS: 1.12.1
